
Microsoft Visual Studio Solution File, Format Version 12.00
# Visual Studio 15
VisualStudioVersion = 15.0.28307.421
MinimumVisualStudioVersion = 10.0.40219.1
Project("{FAE04EC0-301F-11D3-BF4B-00C04F79EFBC}") = "Sender", "Sender\Sender.csproj", "{D9CF155A-0CB8-4BC7-84D3-46ADE0A29347}"
EndProject
Project("{FAE04EC0-301F-11D3-BF4B-00C04F79EFBC}") = "Receiver", "Receiver\Receiver.csproj", "{F43B01B3-5049-4F86-A594-961AB0AC1C84}"
EndProject
Global
	GlobalSection(SolutionConfigurationPlatforms) = preSolution
		Debug|Any CPU = Debug|Any CPU
		Release|Any CPU = Release|Any CPU
	EndGlobalSection
	GlobalSection(ProjectConfigurationPlatforms) = postSolution
		{D9CF155A-0CB8-4BC7-84D3-46ADE0A29347}.Debug|Any CPU.ActiveCfg = Debug|Any CPU
		{D9CF155A-0CB8-4BC7-84D3-46ADE0A29347}.Debug|Any CPU.Build.0 = Debug|Any CPU
		{D9CF155A-0CB8-4BC7-84D3-46ADE0A29347}.Release|Any CPU.ActiveCfg = Release|Any CPU
		{D9CF155A-0CB8-4BC7-84D3-46ADE0A29347}.Release|Any CPU.Build.0 = Release|Any CPU
		{F43B01B3-5049-4F86-A594-961AB0AC1C84}.Debug|Any CPU.ActiveCfg = Debug|Any CPU
		{F43B01B3-5049-4F86-A594-961AB0AC1C84}.Debug|Any CPU.Build.0 = Debug|Any CPU
		{F43B01B3-5049-4F86-A594-961AB0AC1C84}.Release|Any CPU.ActiveCfg = Release|Any CPU
		{F43B01B3-5049-4F86-A594-961AB0AC1C84}.Release|Any CPU.Build.0 = Release|Any CPU
	EndGlobalSection
	GlobalSection(SolutionProperties) = preSolution
		HideSolutionNode = FALSE
	EndGlobalSection
	GlobalSection(ExtensibilityGlobals) = postSolution
		SolutionGuid = {A2DB0EB2-9C5C-4433-B10C-A2D6122BECF8}
	EndGlobalSection
EndGlobal
