
Microsoft Visual Studio Solution File, Format Version 12.00
# Visual Studio 15
VisualStudioVersion = 15.0.28307.421
MinimumVisualStudioVersion = 10.0.40219.1
Project("{9A19103F-16F7-4668-BE54-9A1E7A4F7556}") = "Sender", "Sender\Sender.csproj", "{CBEE0FD5-3454-47AD-80C8-9B20305442B9}"
EndProject
Project("{9A19103F-16F7-4668-BE54-9A1E7A4F7556}") = "Receiver", "Receiver\Receiver.csproj", "{972CE946-0889-4561-B456-058676D3DD96}"
EndProject
Project("{FAE04EC0-301F-11D3-BF4B-00C04F79EFBC}") = "DeadLetterQueueConsumer", "DeadLetterQueueConsumer\DeadLetterQueueConsumer.csproj", "{810A7FF7-3B14-4649-9EFD-E98190049A5E}"
EndProject
Global
	GlobalSection(SolutionConfigurationPlatforms) = preSolution
		Debug|Any CPU = Debug|Any CPU
		Release|Any CPU = Release|Any CPU
	EndGlobalSection
	GlobalSection(ProjectConfigurationPlatforms) = postSolution
		{CBEE0FD5-3454-47AD-80C8-9B20305442B9}.Debug|Any CPU.ActiveCfg = Debug|Any CPU
		{CBEE0FD5-3454-47AD-80C8-9B20305442B9}.Debug|Any CPU.Build.0 = Debug|Any CPU
		{CBEE0FD5-3454-47AD-80C8-9B20305442B9}.Release|Any CPU.ActiveCfg = Release|Any CPU
		{CBEE0FD5-3454-47AD-80C8-9B20305442B9}.Release|Any CPU.Build.0 = Release|Any CPU
		{972CE946-0889-4561-B456-058676D3DD96}.Debug|Any CPU.ActiveCfg = Debug|Any CPU
		{972CE946-0889-4561-B456-058676D3DD96}.Debug|Any CPU.Build.0 = Debug|Any CPU
		{972CE946-0889-4561-B456-058676D3DD96}.Release|Any CPU.ActiveCfg = Release|Any CPU
		{972CE946-0889-4561-B456-058676D3DD96}.Release|Any CPU.Build.0 = Release|Any CPU
		{810A7FF7-3B14-4649-9EFD-E98190049A5E}.Debug|Any CPU.ActiveCfg = Debug|Any CPU
		{810A7FF7-3B14-4649-9EFD-E98190049A5E}.Debug|Any CPU.Build.0 = Debug|Any CPU
		{810A7FF7-3B14-4649-9EFD-E98190049A5E}.Release|Any CPU.ActiveCfg = Release|Any CPU
		{810A7FF7-3B14-4649-9EFD-E98190049A5E}.Release|Any CPU.Build.0 = Release|Any CPU
	EndGlobalSection
	GlobalSection(SolutionProperties) = preSolution
		HideSolutionNode = FALSE
	EndGlobalSection
	GlobalSection(ExtensibilityGlobals) = postSolution
		SolutionGuid = {7D01B80A-C196-47EC-A28D-2842A2334A3E}
	EndGlobalSection
EndGlobal
