
Microsoft Visual Studio Solution File, Format Version 12.00
# Visual Studio Version 16
VisualStudioVersion = 16.0.30011.22
MinimumVisualStudioVersion = 10.0.40219.1
Project("{FAE04EC0-301F-11D3-BF4B-00C04F79EFBC}") = "Sender", "Sender\Sender.csproj", "{7F9BF011-C432-4ADC-9CE8-169826E5D54E}"
EndProject
Project("{FAE04EC0-301F-11D3-BF4B-00C04F79EFBC}") = "EventHubReceiver", "EventHubReceiver\EventHubReceiver.csproj", "{3E50D5D9-529D-46F0-818A-99D684F1B08A}"
EndProject
Project("{FAE04EC0-301F-11D3-BF4B-00C04F79EFBC}") = "EventProcessorHost", "EventProcessorHost\EventProcessorHost.csproj", "{1326B70A-000F-422F-AC28-6FF0320DD843}"
EndProject
Global
	GlobalSection(SolutionConfigurationPlatforms) = preSolution
		Debug|Any CPU = Debug|Any CPU
		Release|Any CPU = Release|Any CPU
	EndGlobalSection
	GlobalSection(ProjectConfigurationPlatforms) = postSolution
		{7F9BF011-C432-4ADC-9CE8-169826E5D54E}.Debug|Any CPU.ActiveCfg = Debug|Any CPU
		{7F9BF011-C432-4ADC-9CE8-169826E5D54E}.Debug|Any CPU.Build.0 = Debug|Any CPU
		{7F9BF011-C432-4ADC-9CE8-169826E5D54E}.Release|Any CPU.ActiveCfg = Release|Any CPU
		{7F9BF011-C432-4ADC-9CE8-169826E5D54E}.Release|Any CPU.Build.0 = Release|Any CPU
		{3E50D5D9-529D-46F0-818A-99D684F1B08A}.Debug|Any CPU.ActiveCfg = Debug|Any CPU
		{3E50D5D9-529D-46F0-818A-99D684F1B08A}.Debug|Any CPU.Build.0 = Debug|Any CPU
		{3E50D5D9-529D-46F0-818A-99D684F1B08A}.Release|Any CPU.ActiveCfg = Release|Any CPU
		{3E50D5D9-529D-46F0-818A-99D684F1B08A}.Release|Any CPU.Build.0 = Release|Any CPU
		{1326B70A-000F-422F-AC28-6FF0320DD843}.Debug|Any CPU.ActiveCfg = Debug|Any CPU
		{1326B70A-000F-422F-AC28-6FF0320DD843}.Debug|Any CPU.Build.0 = Debug|Any CPU
		{1326B70A-000F-422F-AC28-6FF0320DD843}.Release|Any CPU.ActiveCfg = Release|Any CPU
		{1326B70A-000F-422F-AC28-6FF0320DD843}.Release|Any CPU.Build.0 = Release|Any CPU
	EndGlobalSection
	GlobalSection(SolutionProperties) = preSolution
		HideSolutionNode = FALSE
	EndGlobalSection
	GlobalSection(ExtensibilityGlobals) = postSolution
		SolutionGuid = {5AB808D7-FD72-4F79-AF69-CA9B82B3AAD5}
	EndGlobalSection
EndGlobal
